
Microsoft Visual Studio Solution File, Format Version 12.00
# Visual Studio 15
Project("{FAE04EC0-301F-11D3-BF4B-00C04F79EFBC}") = "UnityEngine.TestRunner", "UnityEngine.TestRunner.csproj", "{2DA7ABD5-86EA-4858-E63B-02C64476D4BA}"
EndProject
Project("{FAE04EC0-301F-11D3-BF4B-00C04F79EFBC}") = "Assembly-CSharp", "Assembly-CSharp.csproj", "{1A63345B-52BF-2316-0F38-10F8ED3383BB}"
EndProject
Project("{FAE04EC0-301F-11D3-BF4B-00C04F79EFBC}") = "UnityEngine.UI", "UnityEngine.UI.csproj", "{BA43940E-FC16-BFC9-8960-5D80F59F0827}"
EndProject
Project("{FAE04EC0-301F-11D3-BF4B-00C04F79EFBC}") = "Unity.TextMeshPro", "Unity.TextMeshPro.csproj", "{52DB0A7F-41A3-722C-54BE-6A554C120019}"
EndProject
Project("{FAE04EC0-301F-11D3-BF4B-00C04F79EFBC}") = "Unity.Timeline", "Unity.Timeline.csproj", "{7BABF977-A3D0-846E-52BE-B7E4DCD2910E}"
EndProject
Project("{FAE04EC0-301F-11D3-BF4B-00C04F79EFBC}") = "Unity.TextMeshPro.Editor", "Unity.TextMeshPro.Editor.csproj", "{C21B87BD-CD6D-597A-935C-66800891CEB7}"
EndProject
Project("{FAE04EC0-301F-11D3-BF4B-00C04F79EFBC}") = "Unity.Timeline.Editor", "Unity.Timeline.Editor.csproj", "{24D95FD5-C377-CDFB-F5BA-14E22A384C54}"
EndProject
Project("{FAE04EC0-301F-11D3-BF4B-00C04F79EFBC}") = "Unity.CollabProxy.Editor", "Unity.CollabProxy.Editor.csproj", "{9DB51D1E-7676-9586-188D-C4F6C039D137}"
EndProject
Project("{FAE04EC0-301F-11D3-BF4B-00C04F79EFBC}") = "UnityEditor.TestRunner", "UnityEditor.TestRunner.csproj", "{3730DAFD-309F-B88C-E5B1-842829AB6870}"
EndProject
Project("{FAE04EC0-301F-11D3-BF4B-00C04F79EFBC}") = "UnityEditor.UI", "UnityEditor.UI.csproj", "{F8B69601-AC64-1DA4-70D2-978F4488438F}"
EndProject
Project("{FAE04EC0-301F-11D3-BF4B-00C04F79EFBC}") = "Unity.Rider.Editor", "Unity.Rider.Editor.csproj", "{1133D011-5258-E94C-F284-21ED12A781ED}"
EndProject
Project("{FAE04EC0-301F-11D3-BF4B-00C04F79EFBC}") = "Unity.VisualStudio.Editor", "Unity.VisualStudio.Editor.csproj", "{710BC9AF-425E-AF59-8894-5EBA4D38356F}"
EndProject
Project("{FAE04EC0-301F-11D3-BF4B-00C04F79EFBC}") = "Unity.VSCode.Editor", "Unity.VSCode.Editor.csproj", "{4A35D7BD-FBEF-E8EE-6476-BD1B13F10724}"
EndProject
Project("{FAE04EC0-301F-11D3-BF4B-00C04F79EFBC}") = "UnityEngine.TestRunner", "UnityEngine.TestRunner.Player.csproj", "{18A0C883-F9D8-6144-F8F4-D506714968AF}"
EndProject
Project("{FAE04EC0-301F-11D3-BF4B-00C04F79EFBC}") = "Assembly-CSharp", "Assembly-CSharp.Player.csproj", "{F8462D34-F36E-44BE-6233-58AB686E41B2}"
EndProject
Project("{FAE04EC0-301F-11D3-BF4B-00C04F79EFBC}") = "UnityEngine.UI", "UnityEngine.UI.Player.csproj", "{8B011476-0107-26AD-A9BC-7EBB5D9122CA}"
EndProject
Project("{FAE04EC0-301F-11D3-BF4B-00C04F79EFBC}") = "Unity.TextMeshPro", "Unity.TextMeshPro.Player.csproj", "{F9E31A96-1DA0-FF1F-57AE-DCD0C45B948E}"
EndProject
Project("{FAE04EC0-301F-11D3-BF4B-00C04F79EFBC}") = "Unity.Timeline", "Unity.Timeline.Player.csproj", "{8E3D8556-3F64-BA1A-457B-99050269B5B8}"
EndProject
Global
	GlobalSection(SolutionConfigurationPlatforms) = preSolution
		Debug|Any CPU = Debug|Any CPU
		Release|Any CPU = Release|Any CPU
	EndGlobalSection
	GlobalSection(ProjectConfigurationPlatforms) = postSolution
		{2DA7ABD5-86EA-4858-E63B-02C64476D4BA}.Debug|Any CPU.ActiveCfg = Debug|Any CPU
		{2DA7ABD5-86EA-4858-E63B-02C64476D4BA}.Debug|Any CPU.Build.0 = Debug|Any CPU
		{2DA7ABD5-86EA-4858-E63B-02C64476D4BA}.Release|Any CPU.ActiveCfg = Release|Any CPU
		{2DA7ABD5-86EA-4858-E63B-02C64476D4BA}.Release|Any CPU.Build.0 = Release|Any CPU
		{1A63345B-52BF-2316-0F38-10F8ED3383BB}.Debug|Any CPU.ActiveCfg = Debug|Any CPU
		{1A63345B-52BF-2316-0F38-10F8ED3383BB}.Debug|Any CPU.Build.0 = Debug|Any CPU
		{1A63345B-52BF-2316-0F38-10F8ED3383BB}.Release|Any CPU.ActiveCfg = Release|Any CPU
		{1A63345B-52BF-2316-0F38-10F8ED3383BB}.Release|Any CPU.Build.0 = Release|Any CPU
		{BA43940E-FC16-BFC9-8960-5D80F59F0827}.Debug|Any CPU.ActiveCfg = Debug|Any CPU
		{BA43940E-FC16-BFC9-8960-5D80F59F0827}.Debug|Any CPU.Build.0 = Debug|Any CPU
		{BA43940E-FC16-BFC9-8960-5D80F59F0827}.Release|Any CPU.ActiveCfg = Release|Any CPU
		{BA43940E-FC16-BFC9-8960-5D80F59F0827}.Release|Any CPU.Build.0 = Release|Any CPU
		{52DB0A7F-41A3-722C-54BE-6A554C120019}.Debug|Any CPU.ActiveCfg = Debug|Any CPU
		{52DB0A7F-41A3-722C-54BE-6A554C120019}.Debug|Any CPU.Build.0 = Debug|Any CPU
		{52DB0A7F-41A3-722C-54BE-6A554C120019}.Release|Any CPU.ActiveCfg = Release|Any CPU
		{52DB0A7F-41A3-722C-54BE-6A554C120019}.Release|Any CPU.Build.0 = Release|Any CPU
		{7BABF977-A3D0-846E-52BE-B7E4DCD2910E}.Debug|Any CPU.ActiveCfg = Debug|Any CPU
		{7BABF977-A3D0-846E-52BE-B7E4DCD2910E}.Debug|Any CPU.Build.0 = Debug|Any CPU
		{7BABF977-A3D0-846E-52BE-B7E4DCD2910E}.Release|Any CPU.ActiveCfg = Release|Any CPU
		{7BABF977-A3D0-846E-52BE-B7E4DCD2910E}.Release|Any CPU.Build.0 = Release|Any CPU
		{C21B87BD-CD6D-597A-935C-66800891CEB7}.Debug|Any CPU.ActiveCfg = Debug|Any CPU
		{C21B87BD-CD6D-597A-935C-66800891CEB7}.Debug|Any CPU.Build.0 = Debug|Any CPU
		{C21B87BD-CD6D-597A-935C-66800891CEB7}.Release|Any CPU.ActiveCfg = Release|Any CPU
		{C21B87BD-CD6D-597A-935C-66800891CEB7}.Release|Any CPU.Build.0 = Release|Any CPU
		{24D95FD5-C377-CDFB-F5BA-14E22A384C54}.Debug|Any CPU.ActiveCfg = Debug|Any CPU
		{24D95FD5-C377-CDFB-F5BA-14E22A384C54}.Debug|Any CPU.Build.0 = Debug|Any CPU
		{24D95FD5-C377-CDFB-F5BA-14E22A384C54}.Release|Any CPU.ActiveCfg = Release|Any CPU
		{24D95FD5-C377-CDFB-F5BA-14E22A384C54}.Release|Any CPU.Build.0 = Release|Any CPU
		{9DB51D1E-7676-9586-188D-C4F6C039D137}.Debug|Any CPU.ActiveCfg = Debug|Any CPU
		{9DB51D1E-7676-9586-188D-C4F6C039D137}.Debug|Any CPU.Build.0 = Debug|Any CPU
		{9DB51D1E-7676-9586-188D-C4F6C039D137}.Release|Any CPU.ActiveCfg = Release|Any CPU
		{9DB51D1E-7676-9586-188D-C4F6C039D137}.Release|Any CPU.Build.0 = Release|Any CPU
		{3730DAFD-309F-B88C-E5B1-842829AB6870}.Debug|Any CPU.ActiveCfg = Debug|Any CPU
		{3730DAFD-309F-B88C-E5B1-842829AB6870}.Debug|Any CPU.Build.0 = Debug|Any CPU
		{3730DAFD-309F-B88C-E5B1-842829AB6870}.Release|Any CPU.ActiveCfg = Release|Any CPU
		{3730DAFD-309F-B88C-E5B1-842829AB6870}.Release|Any CPU.Build.0 = Release|Any CPU
		{F8B69601-AC64-1DA4-70D2-978F4488438F}.Debug|Any CPU.ActiveCfg = Debug|Any CPU
		{F8B69601-AC64-1DA4-70D2-978F4488438F}.Debug|Any CPU.Build.0 = Debug|Any CPU
		{F8B69601-AC64-1DA4-70D2-978F4488438F}.Release|Any CPU.ActiveCfg = Release|Any CPU
		{F8B69601-AC64-1DA4-70D2-978F4488438F}.Release|Any CPU.Build.0 = Release|Any CPU
		{1133D011-5258-E94C-F284-21ED12A781ED}.Debug|Any CPU.ActiveCfg = Debug|Any CPU
		{1133D011-5258-E94C-F284-21ED12A781ED}.Debug|Any CPU.Build.0 = Debug|Any CPU
		{1133D011-5258-E94C-F284-21ED12A781ED}.Release|Any CPU.ActiveCfg = Release|Any CPU
		{1133D011-5258-E94C-F284-21ED12A781ED}.Release|Any CPU.Build.0 = Release|Any CPU
		{710BC9AF-425E-AF59-8894-5EBA4D38356F}.Debug|Any CPU.ActiveCfg = Debug|Any CPU
		{710BC9AF-425E-AF59-8894-5EBA4D38356F}.Debug|Any CPU.Build.0 = Debug|Any CPU
		{710BC9AF-425E-AF59-8894-5EBA4D38356F}.Release|Any CPU.ActiveCfg = Release|Any CPU
		{710BC9AF-425E-AF59-8894-5EBA4D38356F}.Release|Any CPU.Build.0 = Release|Any CPU
		{4A35D7BD-FBEF-E8EE-6476-BD1B13F10724}.Debug|Any CPU.ActiveCfg = Debug|Any CPU
		{4A35D7BD-FBEF-E8EE-6476-BD1B13F10724}.Debug|Any CPU.Build.0 = Debug|Any CPU
		{4A35D7BD-FBEF-E8EE-6476-BD1B13F10724}.Release|Any CPU.ActiveCfg = Release|Any CPU
		{4A35D7BD-FBEF-E8EE-6476-BD1B13F10724}.Release|Any CPU.Build.0 = Release|Any CPU
		{18A0C883-F9D8-6144-F8F4-D506714968AF}.Debug|Any CPU.ActiveCfg = Debug|Any CPU
		{18A0C883-F9D8-6144-F8F4-D506714968AF}.Debug|Any CPU.Build.0 = Debug|Any CPU
		{18A0C883-F9D8-6144-F8F4-D506714968AF}.Release|Any CPU.ActiveCfg = Release|Any CPU
		{18A0C883-F9D8-6144-F8F4-D506714968AF}.Release|Any CPU.Build.0 = Release|Any CPU
		{F8462D34-F36E-44BE-6233-58AB686E41B2}.Debug|Any CPU.ActiveCfg = Debug|Any CPU
		{F8462D34-F36E-44BE-6233-58AB686E41B2}.Debug|Any CPU.Build.0 = Debug|Any CPU
		{F8462D34-F36E-44BE-6233-58AB686E41B2}.Release|Any CPU.ActiveCfg = Release|Any CPU
		{F8462D34-F36E-44BE-6233-58AB686E41B2}.Release|Any CPU.Build.0 = Release|Any CPU
		{8B011476-0107-26AD-A9BC-7EBB5D9122CA}.Debug|Any CPU.ActiveCfg = Debug|Any CPU
		{8B011476-0107-26AD-A9BC-7EBB5D9122CA}.Debug|Any CPU.Build.0 = Debug|Any CPU
		{8B011476-0107-26AD-A9BC-7EBB5D9122CA}.Release|Any CPU.ActiveCfg = Release|Any CPU
		{8B011476-0107-26AD-A9BC-7EBB5D9122CA}.Release|Any CPU.Build.0 = Release|Any CPU
		{F9E31A96-1DA0-FF1F-57AE-DCD0C45B948E}.Debug|Any CPU.ActiveCfg = Debug|Any CPU
		{F9E31A96-1DA0-FF1F-57AE-DCD0C45B948E}.Debug|Any CPU.Build.0 = Debug|Any CPU
		{F9E31A96-1DA0-FF1F-57AE-DCD0C45B948E}.Release|Any CPU.ActiveCfg = Release|Any CPU
		{F9E31A96-1DA0-FF1F-57AE-DCD0C45B948E}.Release|Any CPU.Build.0 = Release|Any CPU
		{8E3D8556-3F64-BA1A-457B-99050269B5B8}.Debug|Any CPU.ActiveCfg = Debug|Any CPU
		{8E3D8556-3F64-BA1A-457B-99050269B5B8}.Debug|Any CPU.Build.0 = Debug|Any CPU
		{8E3D8556-3F64-BA1A-457B-99050269B5B8}.Release|Any CPU.ActiveCfg = Release|Any CPU
		{8E3D8556-3F64-BA1A-457B-99050269B5B8}.Release|Any CPU.Build.0 = Release|Any CPU
	EndGlobalSection
	GlobalSection(SolutionProperties) = preSolution
		HideSolutionNode = FALSE
	EndGlobalSection
EndGlobal
